
Microsoft Visual Studio Solution File, Format Version 12.00
# Visual Studio 14
VisualStudioVersion = 14.0.24720.0
MinimumVisualStudioVersion = 10.0.40219.1
Project("{FAE04EC0-301F-11D3-BF4B-00C04F79EFBC}") = "AppStoresScraper", "AppStoresScraper\AppStoresScraper.csproj", "{234CC82A-5348-48D7-8025-ABD15629F31D}"
EndProject
Project("{FAE04EC0-301F-11D3-BF4B-00C04F79EFBC}") = "Demo", "Demo\Demo.csproj", "{551511B7-8236-4CD1-B816-BFCAAEAD67BD}"
EndProject
Global
	GlobalSection(SolutionConfigurationPlatforms) = preSolution
		Debug|Any CPU = Debug|Any CPU
		Release|Any CPU = Release|Any CPU
	EndGlobalSection
	GlobalSection(ProjectConfigurationPlatforms) = postSolution
		{234CC82A-5348-48D7-8025-ABD15629F31D}.Debug|Any CPU.ActiveCfg = Debug|Any CPU
		{234CC82A-5348-48D7-8025-ABD15629F31D}.Debug|Any CPU.Build.0 = Debug|Any CPU
		{234CC82A-5348-48D7-8025-ABD15629F31D}.Release|Any CPU.ActiveCfg = Release|Any CPU
		{234CC82A-5348-48D7-8025-ABD15629F31D}.Release|Any CPU.Build.0 = Release|Any CPU
		{551511B7-8236-4CD1-B816-BFCAAEAD67BD}.Debug|Any CPU.ActiveCfg = Debug|Any CPU
		{551511B7-8236-4CD1-B816-BFCAAEAD67BD}.Debug|Any CPU.Build.0 = Debug|Any CPU
		{551511B7-8236-4CD1-B816-BFCAAEAD67BD}.Release|Any CPU.ActiveCfg = Release|Any CPU
		{551511B7-8236-4CD1-B816-BFCAAEAD67BD}.Release|Any CPU.Build.0 = Release|Any CPU
	EndGlobalSection
	GlobalSection(SolutionProperties) = preSolution
		HideSolutionNode = FALSE
	EndGlobalSection
EndGlobal
